
Microsoft Visual Studio Solution File, Format Version 12.00
# Visual Studio 15
VisualStudioVersion = 15.0.27004.2002
MinimumVisualStudioVersion = 10.0.40219.1
Project("{FAE04EC0-301F-11D3-BF4B-00C04F79EFBC}") = "Ejercicio01", "Ejercicio01\Ejercicio01.csproj", "{D1FA307A-B665-46EB-BABB-C3DE778EC7D2}"
EndProject
Project("{FAE04EC0-301F-11D3-BF4B-00C04F79EFBC}") = "Ejercicio02", "Ejercicio02\Ejercicio02.csproj", "{9259BB5A-F065-4E07-B208-7EC57BDC4037}"
EndProject
Project("{FAE04EC0-301F-11D3-BF4B-00C04F79EFBC}") = "Ejercicio03", "Ejericicio03\Ejercicio03.csproj", "{E9588F32-2571-43EA-9827-0DD965DC8445}"
EndProject
Project("{FAE04EC0-301F-11D3-BF4B-00C04F79EFBC}") = "Ejercicio04", "Ejercicio04\Ejercicio04.csproj", "{EC64D9D6-060C-473A-B002-6E06848FFF09}"
EndProject
Global
	GlobalSection(SolutionConfigurationPlatforms) = preSolution
		Debug|Any CPU = Debug|Any CPU
		Release|Any CPU = Release|Any CPU
	EndGlobalSection
	GlobalSection(ProjectConfigurationPlatforms) = postSolution
		{D1FA307A-B665-46EB-BABB-C3DE778EC7D2}.Debug|Any CPU.ActiveCfg = Debug|Any CPU
		{D1FA307A-B665-46EB-BABB-C3DE778EC7D2}.Debug|Any CPU.Build.0 = Debug|Any CPU
		{D1FA307A-B665-46EB-BABB-C3DE778EC7D2}.Release|Any CPU.ActiveCfg = Release|Any CPU
		{D1FA307A-B665-46EB-BABB-C3DE778EC7D2}.Release|Any CPU.Build.0 = Release|Any CPU
		{9259BB5A-F065-4E07-B208-7EC57BDC4037}.Debug|Any CPU.ActiveCfg = Debug|Any CPU
		{9259BB5A-F065-4E07-B208-7EC57BDC4037}.Debug|Any CPU.Build.0 = Debug|Any CPU
		{9259BB5A-F065-4E07-B208-7EC57BDC4037}.Release|Any CPU.ActiveCfg = Release|Any CPU
		{9259BB5A-F065-4E07-B208-7EC57BDC4037}.Release|Any CPU.Build.0 = Release|Any CPU
		{E9588F32-2571-43EA-9827-0DD965DC8445}.Debug|Any CPU.ActiveCfg = Debug|Any CPU
		{E9588F32-2571-43EA-9827-0DD965DC8445}.Debug|Any CPU.Build.0 = Debug|Any CPU
		{E9588F32-2571-43EA-9827-0DD965DC8445}.Release|Any CPU.ActiveCfg = Release|Any CPU
		{E9588F32-2571-43EA-9827-0DD965DC8445}.Release|Any CPU.Build.0 = Release|Any CPU
		{EC64D9D6-060C-473A-B002-6E06848FFF09}.Debug|Any CPU.ActiveCfg = Debug|Any CPU
		{EC64D9D6-060C-473A-B002-6E06848FFF09}.Debug|Any CPU.Build.0 = Debug|Any CPU
		{EC64D9D6-060C-473A-B002-6E06848FFF09}.Release|Any CPU.ActiveCfg = Release|Any CPU
		{EC64D9D6-060C-473A-B002-6E06848FFF09}.Release|Any CPU.Build.0 = Release|Any CPU
	EndGlobalSection
	GlobalSection(SolutionProperties) = preSolution
		HideSolutionNode = FALSE
	EndGlobalSection
	GlobalSection(ExtensibilityGlobals) = postSolution
		SolutionGuid = {335A56EA-A0CC-44E3-9465-917FC3946B72}
	EndGlobalSection
EndGlobal
