
Microsoft Visual Studio Solution File, Format Version 12.00
# Visual Studio 15
VisualStudioVersion = 15.0.27004.2002
MinimumVisualStudioVersion = 10.0.40219.1
Project("{FAE04EC0-301F-11D3-BF4B-00C04F79EFBC}") = "Ejercicio01", "Ejercicio01\Ejercicio01.csproj", "{D1FA307A-B665-46EB-BABB-C3DE778EC7D2}"
EndProject
Project("{FAE04EC0-301F-11D3-BF4B-00C04F79EFBC}") = "Ejercicio02", "Ejercicio02\Ejercicio02.csproj", "{9259BB5A-F065-4E07-B208-7EC57BDC4037}"
EndProject
Project("{FAE04EC0-301F-11D3-BF4B-00C04F79EFBC}") = "Ejercicio03", "Ejericicio03\Ejercicio03.csproj", "{E9588F32-2571-43EA-9827-0DD965DC8445}"
EndProject
Project("{FAE04EC0-301F-11D3-BF4B-00C04F79EFBC}") = "Ejercicio04", "Ejercicio04\Ejercicio04.csproj", "{EC64D9D6-060C-473A-B002-6E06848FFF09}"
EndProject
Project("{FAE04EC0-301F-11D3-BF4B-00C04F79EFBC}") = "PruebaEjercicio04", "PruebaEjercicio03\PruebaEjercicio04.csproj", "{E93A0118-97AB-442C-95FD-2653496275D6}"
EndProject
Project("{FAE04EC0-301F-11D3-BF4B-00C04F79EFBC}") = "Ejercicio05", "Ejercicio05\Ejercicio05.csproj", "{7047451A-723E-4D69-8EB7-2F66D0060B04}"
EndProject
Project("{FAE04EC0-301F-11D3-BF4B-00C04F79EFBC}") = "Ejercicio06", "Ejercicio06\Ejercicio06.csproj", "{6256FC72-70C7-4D6F-91D4-E76F907349A3}"
EndProject
Project("{FAE04EC0-301F-11D3-BF4B-00C04F79EFBC}") = "PruebaEjercicio05", "PruebaEjercicio05\PruebaEjercicio05.csproj", "{77B1F60F-0A3F-4FAF-A6A8-6D21BD0FB19E}"
EndProject
Project("{FAE04EC0-301F-11D3-BF4B-00C04F79EFBC}") = "PruebaEjercicio06", "PruebaEjercicio06\PruebaEjercicio06.csproj", "{089D0FA3-50BC-43ED-9376-994BB86EE89A}"
EndProject
Global
	GlobalSection(SolutionConfigurationPlatforms) = preSolution
		Debug|Any CPU = Debug|Any CPU
		Release|Any CPU = Release|Any CPU
	EndGlobalSection
	GlobalSection(ProjectConfigurationPlatforms) = postSolution
		{D1FA307A-B665-46EB-BABB-C3DE778EC7D2}.Debug|Any CPU.ActiveCfg = Debug|Any CPU
		{D1FA307A-B665-46EB-BABB-C3DE778EC7D2}.Debug|Any CPU.Build.0 = Debug|Any CPU
		{D1FA307A-B665-46EB-BABB-C3DE778EC7D2}.Release|Any CPU.ActiveCfg = Release|Any CPU
		{D1FA307A-B665-46EB-BABB-C3DE778EC7D2}.Release|Any CPU.Build.0 = Release|Any CPU
		{9259BB5A-F065-4E07-B208-7EC57BDC4037}.Debug|Any CPU.ActiveCfg = Debug|Any CPU
		{9259BB5A-F065-4E07-B208-7EC57BDC4037}.Debug|Any CPU.Build.0 = Debug|Any CPU
		{9259BB5A-F065-4E07-B208-7EC57BDC4037}.Release|Any CPU.ActiveCfg = Release|Any CPU
		{9259BB5A-F065-4E07-B208-7EC57BDC4037}.Release|Any CPU.Build.0 = Release|Any CPU
		{E9588F32-2571-43EA-9827-0DD965DC8445}.Debug|Any CPU.ActiveCfg = Debug|Any CPU
		{E9588F32-2571-43EA-9827-0DD965DC8445}.Debug|Any CPU.Build.0 = Debug|Any CPU
		{E9588F32-2571-43EA-9827-0DD965DC8445}.Release|Any CPU.ActiveCfg = Release|Any CPU
		{E9588F32-2571-43EA-9827-0DD965DC8445}.Release|Any CPU.Build.0 = Release|Any CPU
		{EC64D9D6-060C-473A-B002-6E06848FFF09}.Debug|Any CPU.ActiveCfg = Debug|Any CPU
		{EC64D9D6-060C-473A-B002-6E06848FFF09}.Debug|Any CPU.Build.0 = Debug|Any CPU
		{EC64D9D6-060C-473A-B002-6E06848FFF09}.Release|Any CPU.ActiveCfg = Release|Any CPU
		{EC64D9D6-060C-473A-B002-6E06848FFF09}.Release|Any CPU.Build.0 = Release|Any CPU
		{E93A0118-97AB-442C-95FD-2653496275D6}.Debug|Any CPU.ActiveCfg = Debug|Any CPU
		{E93A0118-97AB-442C-95FD-2653496275D6}.Debug|Any CPU.Build.0 = Debug|Any CPU
		{E93A0118-97AB-442C-95FD-2653496275D6}.Release|Any CPU.ActiveCfg = Release|Any CPU
		{E93A0118-97AB-442C-95FD-2653496275D6}.Release|Any CPU.Build.0 = Release|Any CPU
		{7047451A-723E-4D69-8EB7-2F66D0060B04}.Debug|Any CPU.ActiveCfg = Debug|Any CPU
		{7047451A-723E-4D69-8EB7-2F66D0060B04}.Debug|Any CPU.Build.0 = Debug|Any CPU
		{7047451A-723E-4D69-8EB7-2F66D0060B04}.Release|Any CPU.ActiveCfg = Release|Any CPU
		{7047451A-723E-4D69-8EB7-2F66D0060B04}.Release|Any CPU.Build.0 = Release|Any CPU
		{6256FC72-70C7-4D6F-91D4-E76F907349A3}.Debug|Any CPU.ActiveCfg = Debug|Any CPU
		{6256FC72-70C7-4D6F-91D4-E76F907349A3}.Debug|Any CPU.Build.0 = Debug|Any CPU
		{6256FC72-70C7-4D6F-91D4-E76F907349A3}.Release|Any CPU.ActiveCfg = Release|Any CPU
		{6256FC72-70C7-4D6F-91D4-E76F907349A3}.Release|Any CPU.Build.0 = Release|Any CPU
		{77B1F60F-0A3F-4FAF-A6A8-6D21BD0FB19E}.Debug|Any CPU.ActiveCfg = Debug|Any CPU
		{77B1F60F-0A3F-4FAF-A6A8-6D21BD0FB19E}.Debug|Any CPU.Build.0 = Debug|Any CPU
		{77B1F60F-0A3F-4FAF-A6A8-6D21BD0FB19E}.Release|Any CPU.ActiveCfg = Release|Any CPU
		{77B1F60F-0A3F-4FAF-A6A8-6D21BD0FB19E}.Release|Any CPU.Build.0 = Release|Any CPU
		{089D0FA3-50BC-43ED-9376-994BB86EE89A}.Debug|Any CPU.ActiveCfg = Debug|Any CPU
		{089D0FA3-50BC-43ED-9376-994BB86EE89A}.Debug|Any CPU.Build.0 = Debug|Any CPU
		{089D0FA3-50BC-43ED-9376-994BB86EE89A}.Release|Any CPU.ActiveCfg = Release|Any CPU
		{089D0FA3-50BC-43ED-9376-994BB86EE89A}.Release|Any CPU.Build.0 = Release|Any CPU
	EndGlobalSection
	GlobalSection(SolutionProperties) = preSolution
		HideSolutionNode = FALSE
	EndGlobalSection
	GlobalSection(ExtensibilityGlobals) = postSolution
		SolutionGuid = {335A56EA-A0CC-44E3-9465-917FC3946B72}
	EndGlobalSection
EndGlobal
